
Microsoft Visual Studio Solution File, Format Version 12.00
# Visual Studio Version 17
VisualStudioVersion = 17.14.36414.22
MinimumVisualStudioVersion = 10.0.40219.1
Project("{FAE04EC0-301F-11D3-BF4B-00C04F79EFBC}") = "RetoHemoglobina.Domain", "RetoHemoglobina.Domain\RetoHemoglobina.Domain.csproj", "{4C235C15-7D05-4703-8156-53060A618E02}"
EndProject
Project("{FAE04EC0-301F-11D3-BF4B-00C04F79EFBC}") = "RetoHemoglobina.Application", "RetoHemoglobina.Application\RetoHemoglobina.Application.csproj", "{72145A0B-C065-4853-BC31-530B102B553D}"
	ProjectSection(ProjectDependencies) = postProject
		{4C235C15-7D05-4703-8156-53060A618E02} = {4C235C15-7D05-4703-8156-53060A618E02}
	EndProjectSection
EndProject
Project("{FAE04EC0-301F-11D3-BF4B-00C04F79EFBC}") = "RetoHemoglobina.Api", "RetoHemoglobina.Api\RetoHemoglobina.Api.csproj", "{77D3D89B-20F7-4023-9ACF-212386308A31}"
	ProjectSection(ProjectDependencies) = postProject
		{72145A0B-C065-4853-BC31-530B102B553D} = {72145A0B-C065-4853-BC31-530B102B553D}
		{D26D5897-CB25-491D-847A-853980F32F4C} = {D26D5897-CB25-491D-847A-853980F32F4C}
	EndProjectSection
EndProject
Project("{FAE04EC0-301F-11D3-BF4B-00C04F79EFBC}") = "RetoHemoglobina.Infrastructure", "RetoHemoglobina.Infrastructure\RetoHemoglobina.Infrastructure.csproj", "{D26D5897-CB25-491D-847A-853980F32F4C}"
EndProject
Global
	GlobalSection(SolutionConfigurationPlatforms) = preSolution
		Debug|Any CPU = Debug|Any CPU
		Release|Any CPU = Release|Any CPU
	EndGlobalSection
	GlobalSection(ProjectConfigurationPlatforms) = postSolution
		{4C235C15-7D05-4703-8156-53060A618E02}.Debug|Any CPU.ActiveCfg = Debug|Any CPU
		{4C235C15-7D05-4703-8156-53060A618E02}.Debug|Any CPU.Build.0 = Debug|Any CPU
		{4C235C15-7D05-4703-8156-53060A618E02}.Release|Any CPU.ActiveCfg = Release|Any CPU
		{4C235C15-7D05-4703-8156-53060A618E02}.Release|Any CPU.Build.0 = Release|Any CPU
		{72145A0B-C065-4853-BC31-530B102B553D}.Debug|Any CPU.ActiveCfg = Debug|Any CPU
		{72145A0B-C065-4853-BC31-530B102B553D}.Debug|Any CPU.Build.0 = Debug|Any CPU
		{72145A0B-C065-4853-BC31-530B102B553D}.Release|Any CPU.ActiveCfg = Release|Any CPU
		{72145A0B-C065-4853-BC31-530B102B553D}.Release|Any CPU.Build.0 = Release|Any CPU
		{77D3D89B-20F7-4023-9ACF-212386308A31}.Debug|Any CPU.ActiveCfg = Debug|Any CPU
		{77D3D89B-20F7-4023-9ACF-212386308A31}.Debug|Any CPU.Build.0 = Debug|Any CPU
		{77D3D89B-20F7-4023-9ACF-212386308A31}.Release|Any CPU.ActiveCfg = Release|Any CPU
		{77D3D89B-20F7-4023-9ACF-212386308A31}.Release|Any CPU.Build.0 = Release|Any CPU
		{D26D5897-CB25-491D-847A-853980F32F4C}.Debug|Any CPU.ActiveCfg = Debug|Any CPU
		{D26D5897-CB25-491D-847A-853980F32F4C}.Debug|Any CPU.Build.0 = Debug|Any CPU
		{D26D5897-CB25-491D-847A-853980F32F4C}.Release|Any CPU.ActiveCfg = Release|Any CPU
		{D26D5897-CB25-491D-847A-853980F32F4C}.Release|Any CPU.Build.0 = Release|Any CPU
	EndGlobalSection
	GlobalSection(SolutionProperties) = preSolution
		HideSolutionNode = FALSE
	EndGlobalSection
	GlobalSection(ExtensibilityGlobals) = postSolution
		SolutionGuid = {47776993-FB18-48B3-B740-714DABAF1789}
	EndGlobalSection
EndGlobal
